// !$*UTF8*$!
{
	archiveVersion = 1;
	classes = {
	};
	objectVersion = 46;
	objects = {

/* Begin PBXBuildFile section */
		B7B723921F7CA5540044339F /* XKCache.m in Sources */ = {isa = PBXBuildFile; fileRef = B7B7238E1F7CA5540044339F /* XKCache.m */; };
		B7B723931F7CA5540044339F /* XKUploadModel.m in Sources */ = {isa = PBXBuildFile; fileRef = B7B7238F1F7CA5540044339F /* XKUploadModel.m */; };
		B7B723941F7CA5540044339F /* XKNetworkingManager.m in Sources */ = {isa = PBXBuildFile; fileRef = B7B723911F7CA5540044339F /* XKNetworkingManager.m */; };
		B7F187B21F7CA169003D24FC /* main.m in Sources */ = {isa = PBXBuildFile; fileRef = B7F187B11F7CA169003D24FC /* main.m */; };
		B7F187B51F7CA169003D24FC /* AppDelegate.m in Sources */ = {isa = PBXBuildFile; fileRef = B7F187B41F7CA169003D24FC /* AppDelegate.m */; };
		B7F187B81F7CA169003D24FC /* ViewController.m in Sources */ = {isa = PBXBuildFile; fileRef = B7F187B71F7CA169003D24FC /* ViewController.m */; };
		B7F187BB1F7CA169003D24FC /* Main.storyboard in Resources */ = {isa = PBXBuildFile; fileRef = B7F187B91F7CA169003D24FC /* Main.storyboard */; };
		B7F187BD1F7CA169003D24FC /* Assets.xcassets in Resources */ = {isa = PBXBuildFile; fileRef = B7F187BC1F7CA169003D24FC /* Assets.xcassets */; };
		B7F187C01F7CA169003D24FC /* LaunchScreen.storyboard in Resources */ = {isa = PBXBuildFile; fileRef = B7F187BE1F7CA169003D24FC /* LaunchScreen.storyboard */; };
		E29354322C4F7974AA4F0002 /* Pods_XKNetworkingManager.framework in Frameworks */ = {isa = PBXBuildFile; fileRef = 4F420738CB81FFC0F891FE19 /* Pods_XKNetworkingManager.framework */; };
/* End PBXBuildFile section */

/* Begin PBXFileReference section */
		306ADF097262FD053CF1522E /* Pods-XKNetworkingManager.release.xcconfig */ = {isa = PBXFileReference; includeInIndex = 1; lastKnownFileType = text.xcconfig; name = "Pods-XKNetworkingManager.release.xcconfig"; path = "Pods/Target Support Files/Pods-XKNetworkingManager/Pods-XKNetworkingManager.release.xcconfig"; sourceTree = "<group>"; };
		4F420738CB81FFC0F891FE19 /* Pods_XKNetworkingManager.framework */ = {isa = PBXFileReference; explicitFileType = wrapper.framework; includeInIndex = 0; path = Pods_XKNetworkingManager.framework; sourceTree = BUILT_PRODUCTS_DIR; };
		A22F3EF01BE0C7B192FB5F0C /* Pods-XKNetworkingManager.debug.xcconfig */ = {isa = PBXFileReference; includeInIndex = 1; lastKnownFileType = text.xcconfig; name = "Pods-XKNetworkingManager.debug.xcconfig"; path = "Pods/Target Support Files/Pods-XKNetworkingManager/Pods-XKNetworkingManager.debug.xcconfig"; sourceTree = "<group>"; };
		B7B7238B1F7CA5540044339F /* XKNetworking.h */ = {isa = PBXFileReference; fileEncoding = 4; lastKnownFileType = sourcecode.c.h; path = XKNetworking.h; sourceTree = "<group>"; };
		B7B7238C1F7CA5540044339F /* XKUploadModel.h */ = {isa = PBXFileReference; fileEncoding = 4; lastKnownFileType = sourcecode.c.h; path = XKUploadModel.h; sourceTree = "<group>"; };
		B7B7238D1F7CA5540044339F /* XKNetworkingManager.h */ = {isa = PBXFileReference; fileEncoding = 4; lastKnownFileType = sourcecode.c.h; path = XKNetworkingManager.h; sourceTree = "<group>"; };
		B7B7238E1F7CA5540044339F /* XKCache.m */ = {isa = PBXFileReference; fileEncoding = 4; lastKnownFileType = sourcecode.c.objc; path = XKCache.m; sourceTree = "<group>"; };
		B7B7238F1F7CA5540044339F /* XKUploadModel.m */ = {isa = PBXFileReference; fileEncoding = 4; lastKnownFileType = sourcecode.c.objc; path = XKUploadModel.m; sourceTree = "<group>"; };
		B7B723901F7CA5540044339F /* XKCache.h */ = {isa = PBXFileReference; fileEncoding = 4; lastKnownFileType = sourcecode.c.h; path = XKCache.h; sourceTree = "<group>"; };
		B7B723911F7CA5540044339F /* XKNetworkingManager.m */ = {isa = PBXFileReference; fileEncoding = 4; lastKnownFileType = sourcecode.c.objc; path = XKNetworkingManager.m; sourceTree = "<group>"; };
		B7F187AD1F7CA169003D24FC /* XKNetworkingManager.app */ = {isa = PBXFileReference; explicitFileType = wrapper.application; includeInIndex = 0; path = XKNetworkingManager.app; sourceTree = BUILT_PRODUCTS_DIR; };
		B7F187B11F7CA169003D24FC /* main.m */ = {isa = PBXFileReference; lastKnownFileType = sourcecode.c.objc; path = main.m; sourceTree = "<group>"; };
		B7F187B31F7CA169003D24FC /* AppDelegate.h */ = {isa = PBXFileReference; lastKnownFileType = sourcecode.c.h; path = AppDelegate.h; sourceTree = "<group>"; };
		B7F187B41F7CA169003D24FC /* AppDelegate.m */ = {isa = PBXFileReference; lastKnownFileType = sourcecode.c.objc; path = AppDelegate.m; sourceTree = "<group>"; };
		B7F187B61F7CA169003D24FC /* ViewController.h */ = {isa = PBXFileReference; lastKnownFileType = sourcecode.c.h; path = ViewController.h; sourceTree = "<group>"; };
		B7F187B71F7CA169003D24FC /* ViewController.m */ = {isa = PBXFileReference; lastKnownFileType = sourcecode.c.objc; path = ViewController.m; sourceTree = "<group>"; };
		B7F187BA1F7CA169003D24FC /* Base */ = {isa = PBXFileReference; lastKnownFileType = file.storyboard; name = Base; path = Base.lproj/Main.storyboard; sourceTree = "<group>"; };
		B7F187BC1F7CA169003D24FC /* Assets.xcassets */ = {isa = PBXFileReference; lastKnownFileType = folder.assetcatalog; path = Assets.xcassets; sourceTree = "<group>"; };
		B7F187BF1F7CA169003D24FC /* Base */ = {isa = PBXFileReference; lastKnownFileType = file.storyboard; name = Base; path = Base.lproj/LaunchScreen.storyboard; sourceTree = "<group>"; };
		B7F187C11F7CA169003D24FC /* Info.plist */ = {isa = PBXFileReference; lastKnownFileType = text.plist.xml; path = Info.plist; sourceTree = "<group>"; };
/* End PBXFileReference section */

/* Begin PBXFrameworksBuildPhase section */
		B7F187AA1F7CA169003D24FC /* Frameworks */ = {
			isa = PBXFrameworksBuildPhase;
			buildActionMask = 2147483647;
			files = (
				E29354322C4F7974AA4F0002 /* Pods_XKNetworkingManager.framework in Frameworks */,
			);
			runOnlyForDeploymentPostprocessing = 0;
		};
/* End PBXFrameworksBuildPhase section */

/* Begin PBXGroup section */
		407C9338EEC0923626E90AC8 /* Pods */ = {
			isa = PBXGroup;
			children = (
				A22F3EF01BE0C7B192FB5F0C /* Pods-XKNetworkingManager.debug.xcconfig */,
				306ADF097262FD053CF1522E /* Pods-XKNetworkingManager.release.xcconfig */,
			);
			name = Pods;
			sourceTree = "<group>";
		};
		42799E37CF007F77D041250E /* Frameworks */ = {
			isa = PBXGroup;
			children = (
				4F420738CB81FFC0F891FE19 /* Pods_XKNetworkingManager.framework */,
			);
			name = Frameworks;
			sourceTree = "<group>";
		};
		B7B7238A1F7CA5540044339F /* XKNetworkingManager */ = {
			isa = PBXGroup;
			children = (
				B7B7238B1F7CA5540044339F /* XKNetworking.h */,
				B7B7238C1F7CA5540044339F /* XKUploadModel.h */,
				B7B7238F1F7CA5540044339F /* XKUploadModel.m */,
				B7B723901F7CA5540044339F /* XKCache.h */,
				B7B7238E1F7CA5540044339F /* XKCache.m */,
				B7B7238D1F7CA5540044339F /* XKNetworkingManager.h */,
				B7B723911F7CA5540044339F /* XKNetworkingManager.m */,
			);
			path = XKNetworkingManager;
			sourceTree = "<group>";
		};
		B7F187A41F7CA169003D24FC = {
			isa = PBXGroup;
			children = (
				B7F187AF1F7CA169003D24FC /* XKNetworkingManager */,
				B7F187AE1F7CA169003D24FC /* Products */,
				407C9338EEC0923626E90AC8 /* Pods */,
				42799E37CF007F77D041250E /* Frameworks */,
			);
			sourceTree = "<group>";
		};
		B7F187AE1F7CA169003D24FC /* Products */ = {
			isa = PBXGroup;
			children = (
				B7F187AD1F7CA169003D24FC /* XKNetworkingManager.app */,
			);
			name = Products;
			sourceTree = "<group>";
		};
		B7F187AF1F7CA169003D24FC /* XKNetworkingManager */ = {
			isa = PBXGroup;
			children = (
				B7B7238A1F7CA5540044339F /* XKNetworkingManager */,
				B7F187B31F7CA169003D24FC /* AppDelegate.h */,
				B7F187B41F7CA169003D24FC /* AppDelegate.m */,
				B7F187B61F7CA169003D24FC /* ViewController.h */,
				B7F187B71F7CA169003D24FC /* ViewController.m */,
				B7F187B91F7CA169003D24FC /* Main.storyboard */,
				B7F187BC1F7CA169003D24FC /* Assets.xcassets */,
				B7F187BE1F7CA169003D24FC /* LaunchScreen.storyboard */,
				B7F187C11F7CA169003D24FC /* Info.plist */,
				B7F187B01F7CA169003D24FC /* Supporting Files */,
			);
			path = XKNetworkingManager;
			sourceTree = "<group>";
		};
		B7F187B01F7CA169003D24FC /* Supporting Files */ = {
			isa = PBXGroup;
			children = (
				B7F187B11F7CA169003D24FC /* main.m */,
			);
			name = "Supporting Files";
			sourceTree = "<group>";
		};
/* End PBXGroup section */

/* Begin PBXNativeTarget section */
		B7F187AC1F7CA169003D24FC /* XKNetworkingManager */ = {
			isa = PBXNativeTarget;
			buildConfigurationList = B7F187C41F7CA169003D24FC /* Build configuration list for PBXNativeTarget "XKNetworkingManager" */;
			buildPhases = (
				B9622D9D5D4C5FE97EC2537A /* [CP] Check Pods Manifest.lock */,
				B7F187A91F7CA169003D24FC /* Sources */,
				B7F187AA1F7CA169003D24FC /* Frameworks */,
				B7F187AB1F7CA169003D24FC /* Resources */,
				5FB7E45FFB15FE0FA2CA793E /* [CP] Embed Pods Frameworks */,
				ECCD10D52B6D6B141767F8C8 /* [CP] Copy Pods Resources */,
			);
			buildRules = (
			);
			dependencies = (
			);
			name = XKNetworkingManager;
			productName = XKNetworkingManager;
			productReference = B7F187AD1F7CA169003D24FC /* XKNetworkingManager.app */;
			productType = "com.apple.product-type.application";
		};
/* End PBXNativeTarget section */

/* Begin PBXProject section */
		B7F187A51F7CA169003D24FC /* Project object */ = {
			isa = PBXProject;
			attributes = {
				LastUpgradeCheck = 0900;
				ORGANIZATIONNAME = "浪漫恋星空";
				TargetAttributes = {
					B7F187AC1F7CA169003D24FC = {
						CreatedOnToolsVersion = 8.3.3;
						ProvisioningStyle = Automatic;
					};
				};
			};
			buildConfigurationList = B7F187A81F7CA169003D24FC /* Build configuration list for PBXProject "XKNetworkingManager" */;
			compatibilityVersion = "Xcode 3.2";
			developmentRegion = English;
			hasScannedForEncodings = 0;
			knownRegions = (
				en,
				Base,
			);
			mainGroup = B7F187A41F7CA169003D24FC;
			productRefGroup = B7F187AE1F7CA169003D24FC /* Products */;
			projectDirPath = "";
			projectRoot = "";
			targets = (
				B7F187AC1F7CA169003D24FC /* XKNetworkingManager */,
			);
		};
/* End PBXProject section */

/* Begin PBXResourcesBuildPhase section */
		B7F187AB1F7CA169003D24FC /* Resources */ = {
			isa = PBXResourcesBuildPhase;
			buildActionMask = 2147483647;
			files = (
				B7F187C01F7CA169003D24FC /* LaunchScreen.storyboard in Resources */,
				B7F187BD1F7CA169003D24FC /* Assets.xcassets in Resources */,
				B7F187BB1F7CA169003D24FC /* Main.storyboard in Resources */,
			);
			runOnlyForDeploymentPostprocessing = 0;
		};
/* End PBXResourcesBuildPhase section */

/* Begin PBXShellScriptBuildPhase section */
		5FB7E45FFB15FE0FA2CA793E /* [CP] Embed Pods Frameworks */ = {
			isa = PBXShellScriptBuildPhase;
			buildActionMask = 2147483647;
			files = (
			);
			inputPaths = (
				"${SRCROOT}/Pods/Target Support Files/Pods-XKNetworkingManager/Pods-XKNetworkingManager-frameworks.sh",
				"${BUILT_PRODUCTS_DIR}/AFNetworking/AFNetworking.framework",
				"${BUILT_PRODUCTS_DIR}/ReactiveObjC/ReactiveObjC.framework",
				"${BUILT_PRODUCTS_DIR}/YYCache/YYCache.framework",
			);
			name = "[CP] Embed Pods Frameworks";
			outputPaths = (
				"${TARGET_BUILD_DIR}/${FRAMEWORKS_FOLDER_PATH}/AFNetworking.framework",
				"${TARGET_BUILD_DIR}/${FRAMEWORKS_FOLDER_PATH}/ReactiveObjC.framework",
				"${TARGET_BUILD_DIR}/${FRAMEWORKS_FOLDER_PATH}/YYCache.framework",
			);
			runOnlyForDeploymentPostprocessing = 0;
			shellPath = /bin/sh;
			shellScript = "\"${SRCROOT}/Pods/Target Support Files/Pods-XKNetworkingManager/Pods-XKNetworkingManager-frameworks.sh\"\n";
			showEnvVarsInLog = 0;
		};
		B9622D9D5D4C5FE97EC2537A /* [CP] Check Pods Manifest.lock */ = {
			isa = PBXShellScriptBuildPhase;
			buildActionMask = 2147483647;
			files = (
			);
			inputPaths = (
				"${PODS_PODFILE_DIR_PATH}/Podfile.lock",
				"${PODS_ROOT}/Manifest.lock",
			);
			name = "[CP] Check Pods Manifest.lock";
			outputPaths = (
				"$(DERIVED_FILE_DIR)/Pods-XKNetworkingManager-checkManifestLockResult.txt",
			);
			runOnlyForDeploymentPostprocessing = 0;
			shellPath = /bin/sh;
			shellScript = "diff \"${PODS_PODFILE_DIR_PATH}/Podfile.lock\" \"${PODS_ROOT}/Manifest.lock\" > /dev/null\nif [ $? != 0 ] ; then\n    # print error to STDERR\n    echo \"error: The sandbox is not in sync with the Podfile.lock. Run 'pod install' or update your CocoaPods installation.\" >&2\n    exit 1\nfi\n# This output is used by Xcode 'outputs' to avoid re-running this script phase.\necho \"SUCCESS\" > \"${SCRIPT_OUTPUT_FILE_0}\"\n";
			showEnvVarsInLog = 0;
		};
		ECCD10D52B6D6B141767F8C8 /* [CP] Copy Pods Resources */ = {
			isa = PBXShellScriptBuildPhase;
			buildActionMask = 2147483647;
			files = (
			);
			inputPaths = (
			);
			name = "[CP] Copy Pods Resources";
			outputPaths = (
			);
			runOnlyForDeploymentPostprocessing = 0;
			shellPath = /bin/sh;
			shellScript = "\"${SRCROOT}/Pods/Target Support Files/Pods-XKNetworkingManager/Pods-XKNetworkingManager-resources.sh\"\n";
			showEnvVarsInLog = 0;
		};
/* End PBXShellScriptBuildPhase section */

/* Begin PBXSourcesBuildPhase section */
		B7F187A91F7CA169003D24FC /* Sources */ = {
			isa = PBXSourcesBuildPhase;
			buildActionMask = 2147483647;
			files = (
				B7F187B81F7CA169003D24FC /* ViewController.m in Sources */,
				B7F187B51F7CA169003D24FC /* AppDelegate.m in Sources */,
				B7F187B21F7CA169003D24FC /* main.m in Sources */,
				B7B723921F7CA5540044339F /* XKCache.m in Sources */,
				B7B723941F7CA5540044339F /* XKNetworkingManager.m in Sources */,
				B7B723931F7CA5540044339F /* XKUploadModel.m in Sources */,
			);
			runOnlyForDeploymentPostprocessing = 0;
		};
/* End PBXSourcesBuildPhase section */

/* Begin PBXVariantGroup section */
		B7F187B91F7CA169003D24FC /* Main.storyboard */ = {
			isa = PBXVariantGroup;
			children = (
				B7F187BA1F7CA169003D24FC /* Base */,
			);
			name = Main.storyboard;
			sourceTree = "<group>";
		};
		B7F187BE1F7CA169003D24FC /* LaunchScreen.storyboard */ = {
			isa = PBXVariantGroup;
			children = (
				B7F187BF1F7CA169003D24FC /* Base */,
			);
			name = LaunchScreen.storyboard;
			sourceTree = "<group>";
		};
/* End PBXVariantGroup section */

/* Begin XCBuildConfiguration section */
		B7F187C21F7CA169003D24FC /* Debug */ = {
			isa = XCBuildConfiguration;
			buildSettings = {
				ALWAYS_SEARCH_USER_PATHS = NO;
				CLANG_ANALYZER_NONNULL = YES;
				CLANG_ANALYZER_NUMBER_OBJECT_CONVERSION = YES_AGGRESSIVE;
				CLANG_CXX_LANGUAGE_STANDARD = "gnu++0x";
				CLANG_CXX_LIBRARY = "libc++";
				CLANG_ENABLE_MODULES = YES;
				CLANG_ENABLE_OBJC_ARC = YES;
				CLANG_WARN_BLOCK_CAPTURE_AUTORELEASING = YES;
				CLANG_WARN_BOOL_CONVERSION = YES;
				CLANG_WARN_COMMA = YES;
				CLANG_WARN_CONSTANT_CONVERSION = YES;
				CLANG_WARN_DIRECT_OBJC_ISA_USAGE = YES_ERROR;
				CLANG_WARN_DOCUMENTATION_COMMENTS = YES;
				CLANG_WARN_EMPTY_BODY = YES;
				CLANG_WARN_ENUM_CONVERSION = YES;
				CLANG_WARN_INFINITE_RECURSION = YES;
				CLANG_WARN_INT_CONVERSION = YES;
				CLANG_WARN_NON_LITERAL_NULL_CONVERSION = YES;
				CLANG_WARN_OBJC_LITERAL_CONVERSION = YES;
				CLANG_WARN_OBJC_ROOT_CLASS = YES_ERROR;
				CLANG_WARN_RANGE_LOOP_ANALYSIS = YES;
				CLANG_WARN_STRICT_PROTOTYPES = YES;
				CLANG_WARN_SUSPICIOUS_MOVE = YES;
				CLANG_WARN_UNREACHABLE_CODE = YES;
				CLANG_WARN__DUPLICATE_METHOD_MATCH = YES;
				"CODE_SIGN_IDENTITY[sdk=iphoneos*]" = "iPhone Developer";
				COPY_PHASE_STRIP = NO;
				DEBUG_INFORMATION_FORMAT = dwarf;
				ENABLE_STRICT_OBJC_MSGSEND = YES;
				ENABLE_TESTABILITY = YES;
				GCC_C_LANGUAGE_STANDARD = gnu99;
				GCC_DYNAMIC_NO_PIC = NO;
				GCC_NO_COMMON_BLOCKS = YES;
				GCC_OPTIMIZATION_LEVEL = 0;
				GCC_PREPROCESSOR_DEFINITIONS = (
					"DEBUG=1",
					"$(inherited)",
				);
				GCC_WARN_64_TO_32_BIT_CONVERSION = YES;
				GCC_WARN_ABOUT_RETURN_TYPE = YES_ERROR;
				GCC_WARN_UNDECLARED_SELECTOR = YES;
				GCC_WARN_UNINITIALIZED_AUTOS = YES_AGGRESSIVE;
				GCC_WARN_UNUSED_FUNCTION = YES;
				GCC_WARN_UNUSED_VARIABLE = YES;
				IPHONEOS_DEPLOYMENT_TARGET = 10.3;
				MTL_ENABLE_DEBUG_INFO = YES;
				ONLY_ACTIVE_ARCH = YES;
				SDKROOT = iphoneos;
			};
			name = Debug;
		};
		B7F187C31F7CA169003D24FC /* Release */ = {
			isa = XCBuildConfiguration;
			buildSettings = {
				ALWAYS_SEARCH_USER_PATHS = NO;
				CLANG_ANALYZER_NONNULL = YES;
				CLANG_ANALYZER_NUMBER_OBJECT_CONVERSION = YES_AGGRESSIVE;
				CLANG_CXX_LANGUAGE_STANDARD = "gnu++0x";
				CLANG_CXX_LIBRARY = "libc++";
				CLANG_ENABLE_MODULES = YES;
				CLANG_ENABLE_OBJC_ARC = YES;
				CLANG_WARN_BLOCK_CAPTURE_AUTORELEASING = YES;
				CLANG_WARN_BOOL_CONVERSION = YES;
				CLANG_WARN_COMMA = YES;
				CLANG_WARN_CONSTANT_CONVERSION = YES;
				CLANG_WARN_DIRECT_OBJC_ISA_USAGE = YES_ERROR;
				CLANG_WARN_DOCUMENTATION_COMMENTS = YES;
				CLANG_WARN_EMPTY_BODY = YES;
				CLANG_WARN_ENUM_CONVERSION = YES;
				CLANG_WARN_INFINITE_RECURSION = YES;
				CLANG_WARN_INT_CONVERSION = YES;
				CLANG_WARN_NON_LITERAL_NULL_CONVERSION = YES;
				CLANG_WARN_OBJC_LITERAL_CONVERSION = YES;
				CLANG_WARN_OBJC_ROOT_CLASS = YES_ERROR;
				CLANG_WARN_RANGE_LOOP_ANALYSIS = YES;
				CLANG_WARN_STRICT_PROTOTYPES = YES;
				CLANG_WARN_SUSPICIOUS_MOVE = YES;
				CLANG_WARN_UNREACHABLE_CODE = YES;
				CLANG_WARN__DUPLICATE_METHOD_MATCH = YES;
				"CODE_SIGN_IDENTITY[sdk=iphoneos*]" = "iPhone Developer";
				COPY_PHASE_STRIP = NO;
				DEBUG_INFORMATION_FORMAT = "dwarf-with-dsym";
				ENABLE_NS_ASSERTIONS = NO;
				ENABLE_STRICT_OBJC_MSGSEND = YES;
				GCC_C_LANGUAGE_STANDARD = gnu99;
				GCC_NO_COMMON_BLOCKS = YES;
				GCC_WARN_64_TO_32_BIT_CONVERSION = YES;
				GCC_WARN_ABOUT_RETURN_TYPE = YES_ERROR;
				GCC_WARN_UNDECLARED_SELECTOR = YES;
				GCC_WARN_UNINITIALIZED_AUTOS = YES_AGGRESSIVE;
				GCC_WARN_UNUSED_FUNCTION = YES;
				GCC_WARN_UNUSED_VARIABLE = YES;
				IPHONEOS_DEPLOYMENT_TARGET = 10.3;
				MTL_ENABLE_DEBUG_INFO = NO;
				SDKROOT = iphoneos;
				VALIDATE_PRODUCT = YES;
			};
			name = Release;
		};
		B7F187C51F7CA169003D24FC /* Debug */ = {
			isa = XCBuildConfiguration;
			baseConfigurationReference = A22F3EF01BE0C7B192FB5F0C /* Pods-XKNetworkingManager.debug.xcconfig */;
			buildSettings = {
				ASSETCATALOG_COMPILER_APPICON_NAME = AppIcon;
				INFOPLIST_FILE = XKNetworkingManager/Info.plist;
				IPHONEOS_DEPLOYMENT_TARGET = 8.0;
				LD_RUNPATH_SEARCH_PATHS = "$(inherited) @executable_path/Frameworks";
				PRODUCT_BUNDLE_IDENTIFIER = jhcc.com.XKNetworkingManager;
				PRODUCT_NAME = "$(TARGET_NAME)";
			};
			name = Debug;
		};
		B7F187C61F7CA169003D24FC /* Release */ = {
			isa = XCBuildConfiguration;
			baseConfigurationReference = 306ADF097262FD053CF1522E /* Pods-XKNetworkingManager.release.xcconfig */;
			buildSettings = {
				ASSETCATALOG_COMPILER_APPICON_NAME = AppIcon;
				INFOPLIST_FILE = XKNetworkingManager/Info.plist;
				IPHONEOS_DEPLOYMENT_TARGET = 8.0;
				LD_RUNPATH_SEARCH_PATHS = "$(inherited) @executable_path/Frameworks";
				PRODUCT_BUNDLE_IDENTIFIER = jhcc.com.XKNetworkingManager;
				PRODUCT_NAME = "$(TARGET_NAME)";
			};
			name = Release;
		};
/* End XCBuildConfiguration section */

/* Begin XCConfigurationList section */
		B7F187A81F7CA169003D24FC /* Build configuration list for PBXProject "XKNetworkingManager" */ = {
			isa = XCConfigurationList;
			buildConfigurations = (
				B7F187C21F7CA169003D24FC /* Debug */,
				B7F187C31F7CA169003D24FC /* Release */,
			);
			defaultConfigurationIsVisible = 0;
			defaultConfigurationName = Release;
		};
		B7F187C41F7CA169003D24FC /* Build configuration list for PBXNativeTarget "XKNetworkingManager" */ = {
			isa = XCConfigurationList;
			buildConfigurations = (
				B7F187C51F7CA169003D24FC /* Debug */,
				B7F187C61F7CA169003D24FC /* Release */,
			);
			defaultConfigurationIsVisible = 0;
			defaultConfigurationName = Release;
		};
/* End XCConfigurationList section */
	};
	rootObject = B7F187A51F7CA169003D24FC /* Project object */;
}
